{
  "name": "common",
  "version": "1.0.0",
  "lockfileVersion": 3,
  "requires": true,
  "packages": {
    "": {
      "name": "common",
      "version": "1.0.0",
      "license": "ISC",
      "dependencies": {
        "zod": "^3.25.36"
      }
    },
    "node_modules/zod": {
      "version": "3.25.36",
      "resolved": "https://registry.npmjs.org/zod/-/zod-3.25.36.tgz",
      "integrity": "sha512-eRFS3i8T0IrpGdL8HQyqFAugGOn7jOjyGgGdtv5NY4Wkhi7lJDk732bNZ609YMIGFbLoaj6J69O1Mura23gfIw==",
      "license": "MIT",
      "funding": {
        "url": "https://github.com/sponsors/colinhacks"
      }
    }
  }
}
